
Microsoft Visual Studio Solution File, Format Version 12.00
# Visual Studio Version 17
VisualStudioVersion = 17.5.33530.505
MinimumVisualStudioVersion = 10.0.40219.1
Project("{FAE04EC0-301F-11D3-BF4B-00C04F79EFBC}") = "CalculoIRRF", "CalculoIRRF\CalculoIRRF.csproj", "{ECF68166-CCE6-4908-BA63-B000C871E936}"
EndProject
Global
	GlobalSection(SolutionConfigurationPlatforms) = preSolution
		Debug|Any CPU = Debug|Any CPU
		Debug|x86 = Debug|x86
		Release|Any CPU = Release|Any CPU
		Release|x86 = Release|x86
	EndGlobalSection
	GlobalSection(ProjectConfigurationPlatforms) = postSolution
		{ECF68166-CCE6-4908-BA63-B000C871E936}.Debug|Any CPU.ActiveCfg = Debug|Any CPU
		{ECF68166-CCE6-4908-BA63-B000C871E936}.Debug|Any CPU.Build.0 = Debug|Any CPU
		{ECF68166-CCE6-4908-BA63-B000C871E936}.Debug|x86.ActiveCfg = Debug|x86
		{ECF68166-CCE6-4908-BA63-B000C871E936}.Debug|x86.Build.0 = Debug|x86
		{ECF68166-CCE6-4908-BA63-B000C871E936}.Release|Any CPU.ActiveCfg = Release|Any CPU
		{ECF68166-CCE6-4908-BA63-B000C871E936}.Release|Any CPU.Build.0 = Release|Any CPU
		{ECF68166-CCE6-4908-BA63-B000C871E936}.Release|x86.ActiveCfg = Release|x86
		{ECF68166-CCE6-4908-BA63-B000C871E936}.Release|x86.Build.0 = Release|x86
	EndGlobalSection
	GlobalSection(SolutionProperties) = preSolution
		HideSolutionNode = FALSE
	EndGlobalSection
	GlobalSection(ExtensibilityGlobals) = postSolution
		SolutionGuid = {6D169D9C-77C1-4B55-93B9-6AC57C91B8B1}
	EndGlobalSection
EndGlobal
